
Microsoft Visual Studio Solution File, Format Version 12.00
# Visual Studio Version 17
VisualStudioVersion = 17.8.34525.116
MinimumVisualStudioVersion = 10.0.40219.1
Project("{FAE04EC0-301F-11D3-BF4B-00C04F79EFBC}") = "ContainerApp01", "ContainerApp01\ContainerApp01.csproj", "{5DF9CE03-378C-4494-98B6-D64E2A3CF2AA}"
EndProject
Global
	GlobalSection(SolutionConfigurationPlatforms) = preSolution
		Debug|Any CPU = Debug|Any CPU
		Release|Any CPU = Release|Any CPU
	EndGlobalSection
	GlobalSection(ProjectConfigurationPlatforms) = postSolution
		{5DF9CE03-378C-4494-98B6-D64E2A3CF2AA}.Debug|Any CPU.ActiveCfg = Debug|Any CPU
		{5DF9CE03-378C-4494-98B6-D64E2A3CF2AA}.Debug|Any CPU.Build.0 = Debug|Any CPU
		{5DF9CE03-378C-4494-98B6-D64E2A3CF2AA}.Release|Any CPU.ActiveCfg = Release|Any CPU
		{5DF9CE03-378C-4494-98B6-D64E2A3CF2AA}.Release|Any CPU.Build.0 = Release|Any CPU
	EndGlobalSection
	GlobalSection(SolutionProperties) = preSolution
		HideSolutionNode = FALSE
	EndGlobalSection
	GlobalSection(ExtensibilityGlobals) = postSolution
		SolutionGuid = {72D398EE-F2CC-4857-B965-60483FC198E6}
	EndGlobalSection
EndGlobal
